// !$*UTF8*$!
{
	archiveVersion = 1;
	classes = {
	};
	objectVersion = 48;
	objects = {

/* Begin PBXBuildFile section */
		D4BFDBFB2005DB1800BF7AF8 /* AppDelegate.swift in Sources */ = {isa = PBXBuildFile; fileRef = D4BFDBFA2005DB1800BF7AF8 /* AppDelegate.swift */; };
		D4BFDBFD2005DB1800BF7AF8 /* ViewController.swift in Sources */ = {isa = PBXBuildFile; fileRef = D4BFDBFC2005DB1800BF7AF8 /* ViewController.swift */; };
		D4BFDC002005DB1800BF7AF8 /* Main.storyboard in Resources */ = {isa = PBXBuildFile; fileRef = D4BFDBFE2005DB1800BF7AF8 /* Main.storyboard */; };
		D4BFDC022005DB1800BF7AF8 /* Assets.xcassets in Resources */ = {isa = PBXBuildFile; fileRef = D4BFDC012005DB1800BF7AF8 /* Assets.xcassets */; };
		D4BFDC052005DB1800BF7AF8 /* LaunchScreen.storyboard in Resources */ = {isa = PBXBuildFile; fileRef = D4BFDC032005DB1800BF7AF8 /* LaunchScreen.storyboard */; };
		D4BFDC0D2005DBB200BF7AF8 /* UIImageExtension.swift in Sources */ = {isa = PBXBuildFile; fileRef = D4BFDC0C2005DBB200BF7AF8 /* UIImageExtension.swift */; };
/* End PBXBuildFile section */

/* Begin PBXFileReference section */
		D4BFDBF72005DB1800BF7AF8 /* 圆形图片裁剪.app */ = {isa = PBXFileReference; explicitFileType = wrapper.application; includeInIndex = 0; path = "圆形图片裁剪.app"; sourceTree = BUILT_PRODUCTS_DIR; };
		D4BFDBFA2005DB1800BF7AF8 /* AppDelegate.swift */ = {isa = PBXFileReference; lastKnownFileType = sourcecode.swift; path = AppDelegate.swift; sourceTree = "<group>"; };
		D4BFDBFC2005DB1800BF7AF8 /* ViewController.swift */ = {isa = PBXFileReference; lastKnownFileType = sourcecode.swift; path = ViewController.swift; sourceTree = "<group>"; };
		D4BFDBFF2005DB1800BF7AF8 /* Base */ = {isa = PBXFileReference; lastKnownFileType = file.storyboard; name = Base; path = Base.lproj/Main.storyboard; sourceTree = "<group>"; };
		D4BFDC012005DB1800BF7AF8 /* Assets.xcassets */ = {isa = PBXFileReference; lastKnownFileType = folder.assetcatalog; path = Assets.xcassets; sourceTree = "<group>"; };
		D4BFDC042005DB1800BF7AF8 /* Base */ = {isa = PBXFileReference; lastKnownFileType = file.storyboard; name = Base; path = Base.lproj/LaunchScreen.storyboard; sourceTree = "<group>"; };
		D4BFDC062005DB1800BF7AF8 /* Info.plist */ = {isa = PBXFileReference; lastKnownFileType = text.plist.xml; path = Info.plist; sourceTree = "<group>"; };
		D4BFDC0C2005DBB200BF7AF8 /* UIImageExtension.swift */ = {isa = PBXFileReference; fileEncoding = 4; lastKnownFileType = sourcecode.swift; path = UIImageExtension.swift; sourceTree = "<group>"; };
/* End PBXFileReference section */

/* Begin PBXFrameworksBuildPhase section */
		D4BFDBF42005DB1800BF7AF8 /* Frameworks */ = {
			isa = PBXFrameworksBuildPhase;
			buildActionMask = 2147483647;
			files = (
			);
			runOnlyForDeploymentPostprocessing = 0;
		};
/* End PBXFrameworksBuildPhase section */

/* Begin PBXGroup section */
		D4BFDBEE2005DB1800BF7AF8 = {
			isa = PBXGroup;
			children = (
				D4BFDBF92005DB1800BF7AF8 /* 圆形图片裁剪 */,
				D4BFDBF82005DB1800BF7AF8 /* Products */,
			);
			sourceTree = "<group>";
		};
		D4BFDBF82005DB1800BF7AF8 /* Products */ = {
			isa = PBXGroup;
			children = (
				D4BFDBF72005DB1800BF7AF8 /* 圆形图片裁剪.app */,
			);
			name = Products;
			sourceTree = "<group>";
		};
		D4BFDBF92005DB1800BF7AF8 /* 圆形图片裁剪 */ = {
			isa = PBXGroup;
			children = (
				D4BFDBFA2005DB1800BF7AF8 /* AppDelegate.swift */,
				D4BFDBFC2005DB1800BF7AF8 /* ViewController.swift */,
				D4BFDC0C2005DBB200BF7AF8 /* UIImageExtension.swift */,
				D4BFDBFE2005DB1800BF7AF8 /* Main.storyboard */,
				D4BFDC012005DB1800BF7AF8 /* Assets.xcassets */,
				D4BFDC032005DB1800BF7AF8 /* LaunchScreen.storyboard */,
				D4BFDC062005DB1800BF7AF8 /* Info.plist */,
			);
			path = "圆形图片裁剪";
			sourceTree = "<group>";
		};
/* End PBXGroup section */

/* Begin PBXNativeTarget section */
		D4BFDBF62005DB1800BF7AF8 /* 圆形图片裁剪 */ = {
			isa = PBXNativeTarget;
			buildConfigurationList = D4BFDC092005DB1800BF7AF8 /* Build configuration list for PBXNativeTarget "圆形图片裁剪" */;
			buildPhases = (
				D4BFDBF32005DB1800BF7AF8 /* Sources */,
				D4BFDBF42005DB1800BF7AF8 /* Frameworks */,
				D4BFDBF52005DB1800BF7AF8 /* Resources */,
			);
			buildRules = (
			);
			dependencies = (
			);
			name = "圆形图片裁剪";
			productName = "圆形图片裁剪";
			productReference = D4BFDBF72005DB1800BF7AF8 /* 圆形图片裁剪.app */;
			productType = "com.apple.product-type.application";
		};
/* End PBXNativeTarget section */

/* Begin PBXProject section */
		D4BFDBEF2005DB1800BF7AF8 /* Project object */ = {
			isa = PBXProject;
			attributes = {
				LastSwiftUpdateCheck = 0920;
				LastUpgradeCheck = 0920;
				ORGANIZATIONNAME = "Lei Zhao";
				TargetAttributes = {
					D4BFDBF62005DB1800BF7AF8 = {
						CreatedOnToolsVersion = 9.2;
						ProvisioningStyle = Automatic;
					};
				};
			};
			buildConfigurationList = D4BFDBF22005DB1800BF7AF8 /* Build configuration list for PBXProject "圆形图片裁剪" */;
			compatibilityVersion = "Xcode 8.0";
			developmentRegion = en;
			hasScannedForEncodings = 0;
			knownRegions = (
				en,
				Base,
			);
			mainGroup = D4BFDBEE2005DB1800BF7AF8;
			productRefGroup = D4BFDBF82005DB1800BF7AF8 /* Products */;
			projectDirPath = "";
			projectRoot = "";
			targets = (
				D4BFDBF62005DB1800BF7AF8 /* 圆形图片裁剪 */,
			);
		};
/* End PBXProject section */

/* Begin PBXResourcesBuildPhase section */
		D4BFDBF52005DB1800BF7AF8 /* Resources */ = {
			isa = PBXResourcesBuildPhase;
			buildActionMask = 2147483647;
			files = (
				D4BFDC052005DB1800BF7AF8 /* LaunchScreen.storyboard in Resources */,
				D4BFDC022005DB1800BF7AF8 /* Assets.xcassets in Resources */,
				D4BFDC002005DB1800BF7AF8 /* Main.storyboard in Resources */,
			);
			runOnlyForDeploymentPostprocessing = 0;
		};
/* End PBXResourcesBuildPhase section */

/* Begin PBXSourcesBuildPhase section */
		D4BFDBF32005DB1800BF7AF8 /* Sources */ = {
			isa = PBXSourcesBuildPhase;
			buildActionMask = 2147483647;
			files = (
				D4BFDBFD2005DB1800BF7AF8 /* ViewController.swift in Sources */,
				D4BFDBFB2005DB1800BF7AF8 /* AppDelegate.swift in Sources */,
				D4BFDC0D2005DBB200BF7AF8 /* UIImageExtension.swift in Sources */,
			);
			runOnlyForDeploymentPostprocessing = 0;
		};
/* End PBXSourcesBuildPhase section */

/* Begin PBXVariantGroup section */
		D4BFDBFE2005DB1800BF7AF8 /* Main.storyboard */ = {
			isa = PBXVariantGroup;
			children = (
				D4BFDBFF2005DB1800BF7AF8 /* Base */,
			);
			name = Main.storyboard;
			sourceTree = "<group>";
		};
		D4BFDC032005DB1800BF7AF8 /* LaunchScreen.storyboard */ = {
			isa = PBXVariantGroup;
			children = (
				D4BFDC042005DB1800BF7AF8 /* Base */,
			);
			name = LaunchScreen.storyboard;
			sourceTree = "<group>";
		};
/* End PBXVariantGroup section */

/* Begin XCBuildConfiguration section */
		D4BFDC072005DB1800BF7AF8 /* Debug */ = {
			isa = XCBuildConfiguration;
			buildSettings = {
				ALWAYS_SEARCH_USER_PATHS = NO;
				CLANG_ANALYZER_NONNULL = YES;
				CLANG_ANALYZER_NUMBER_OBJECT_CONVERSION = YES_AGGRESSIVE;
				CLANG_CXX_LANGUAGE_STANDARD = "gnu++14";
				CLANG_CXX_LIBRARY = "libc++";
				CLANG_ENABLE_MODULES = YES;
				CLANG_ENABLE_OBJC_ARC = YES;
				CLANG_WARN_BLOCK_CAPTURE_AUTORELEASING = YES;
				CLANG_WARN_BOOL_CONVERSION = YES;
				CLANG_WARN_COMMA = YES;
				CLANG_WARN_CONSTANT_CONVERSION = YES;
				CLANG_WARN_DIRECT_OBJC_ISA_USAGE = YES_ERROR;
				CLANG_WARN_DOCUMENTATION_COMMENTS = YES;
				CLANG_WARN_EMPTY_BODY = YES;
				CLANG_WARN_ENUM_CONVERSION = YES;
				CLANG_WARN_INFINITE_RECURSION = YES;
				CLANG_WARN_INT_CONVERSION = YES;
				CLANG_WARN_NON_LITERAL_NULL_CONVERSION = YES;
				CLANG_WARN_OBJC_LITERAL_CONVERSION = YES;
				CLANG_WARN_OBJC_ROOT_CLASS = YES_ERROR;
				CLANG_WARN_RANGE_LOOP_ANALYSIS = YES;
				CLANG_WARN_STRICT_PROTOTYPES = YES;
				CLANG_WARN_SUSPICIOUS_MOVE = YES;
				CLANG_WARN_UNGUARDED_AVAILABILITY = YES_AGGRESSIVE;
				CLANG_WARN_UNREACHABLE_CODE = YES;
				CLANG_WARN__DUPLICATE_METHOD_MATCH = YES;
				CODE_SIGN_IDENTITY = "iPhone Developer";
				COPY_PHASE_STRIP = NO;
				DEBUG_INFORMATION_FORMAT = dwarf;
				ENABLE_STRICT_OBJC_MSGSEND = YES;
				ENABLE_TESTABILITY = YES;
				GCC_C_LANGUAGE_STANDARD = gnu11;
				GCC_DYNAMIC_NO_PIC = NO;
				GCC_NO_COMMON_BLOCKS = YES;
				GCC_OPTIMIZATION_LEVEL = 0;
				GCC_PREPROCESSOR_DEFINITIONS = (
					"DEBUG=1",
					"$(inherited)",
				);
				GCC_WARN_64_TO_32_BIT_CONVERSION = YES;
				GCC_WARN_ABOUT_RETURN_TYPE = YES_ERROR;
				GCC_WARN_UNDECLARED_SELECTOR = YES;
				GCC_WARN_UNINITIALIZED_AUTOS = YES_AGGRESSIVE;
				GCC_WARN_UNUSED_FUNCTION = YES;
				GCC_WARN_UNUSED_VARIABLE = YES;
				IPHONEOS_DEPLOYMENT_TARGET = 11.2;
				MTL_ENABLE_DEBUG_INFO = YES;
				ONLY_ACTIVE_ARCH = YES;
				SDKROOT = iphoneos;
				SWIFT_ACTIVE_COMPILATION_CONDITIONS = DEBUG;
				SWIFT_OPTIMIZATION_LEVEL = "-Onone";
			};
			name = Debug;
		};
		D4BFDC082005DB1800BF7AF8 /* Release */ = {
			isa = XCBuildConfiguration;
			buildSettings = {
				ALWAYS_SEARCH_USER_PATHS = NO;
				CLANG_ANALYZER_NONNULL = YES;
				CLANG_ANALYZER_NUMBER_OBJECT_CONVERSION = YES_AGGRESSIVE;
				CLANG_CXX_LANGUAGE_STANDARD = "gnu++14";
				CLANG_CXX_LIBRARY = "libc++";
				CLANG_ENABLE_MODULES = YES;
				CLANG_ENABLE_OBJC_ARC = YES;
				CLANG_WARN_BLOCK_CAPTURE_AUTORELEASING = YES;
				CLANG_WARN_BOOL_CONVERSION = YES;
				CLANG_WARN_COMMA = YES;
				CLANG_WARN_CONSTANT_CONVERSION = YES;
				CLANG_WARN_DIRECT_OBJC_ISA_USAGE = YES_ERROR;
				CLANG_WARN_DOCUMENTATION_COMMENTS = YES;
				CLANG_WARN_EMPTY_BODY = YES;
				CLANG_WARN_ENUM_CONVERSION = YES;
				CLANG_WARN_INFINITE_RECURSION = YES;
				CLANG_WARN_INT_CONVERSION = YES;
				CLANG_WARN_NON_LITERAL_NULL_CONVERSION = YES;
				CLANG_WARN_OBJC_LITERAL_CONVERSION = YES;
				CLANG_WARN_OBJC_ROOT_CLASS = YES_ERROR;
				CLANG_WARN_RANGE_LOOP_ANALYSIS = YES;
				CLANG_WARN_STRICT_PROTOTYPES = YES;
				CLANG_WARN_SUSPICIOUS_MOVE = YES;
				CLANG_WARN_UNGUARDED_AVAILABILITY = YES_AGGRESSIVE;
				CLANG_WARN_UNREACHABLE_CODE = YES;
				CLANG_WARN__DUPLICATE_METHOD_MATCH = YES;
				CODE_SIGN_IDENTITY = "iPhone Developer";
				COPY_PHASE_STRIP = NO;
				DEBUG_INFORMATION_FORMAT = "dwarf-with-dsym";
				ENABLE_NS_ASSERTIONS = NO;
				ENABLE_STRICT_OBJC_MSGSEND = YES;
				GCC_C_LANGUAGE_STANDARD = gnu11;
				GCC_NO_COMMON_BLOCKS = YES;
				GCC_WARN_64_TO_32_BIT_CONVERSION = YES;
				GCC_WARN_ABOUT_RETURN_TYPE = YES_ERROR;
				GCC_WARN_UNDECLARED_SELECTOR = YES;
				GCC_WARN_UNINITIALIZED_AUTOS = YES_AGGRESSIVE;
				GCC_WARN_UNUSED_FUNCTION = YES;
				GCC_WARN_UNUSED_VARIABLE = YES;
				IPHONEOS_DEPLOYMENT_TARGET = 11.2;
				MTL_ENABLE_DEBUG_INFO = NO;
				SDKROOT = iphoneos;
				SWIFT_OPTIMIZATION_LEVEL = "-Owholemodule";
				VALIDATE_PRODUCT = YES;
			};
			name = Release;
		};
		D4BFDC0A2005DB1800BF7AF8 /* Debug */ = {
			isa = XCBuildConfiguration;
			buildSettings = {
				ASSETCATALOG_COMPILER_APPICON_NAME = AppIcon;
				CODE_SIGN_STYLE = Automatic;
				DEVELOPMENT_TEAM = 4YTZ695U3E;
				INFOPLIST_FILE = "圆形图片裁剪/Info.plist";
				LD_RUNPATH_SEARCH_PATHS = "$(inherited) @executable_path/Frameworks";
				PRODUCT_BUNDLE_IDENTIFIER = "com.shutterfly.------";
				PRODUCT_NAME = "$(TARGET_NAME)";
				SWIFT_VERSION = 4.0;
				TARGETED_DEVICE_FAMILY = "1,2";
			};
			name = Debug;
		};
		D4BFDC0B2005DB1800BF7AF8 /* Release */ = {
			isa = XCBuildConfiguration;
			buildSettings = {
				ASSETCATALOG_COMPILER_APPICON_NAME = AppIcon;
				CODE_SIGN_STYLE = Automatic;
				DEVELOPMENT_TEAM = 4YTZ695U3E;
				INFOPLIST_FILE = "圆形图片裁剪/Info.plist";
				LD_RUNPATH_SEARCH_PATHS = "$(inherited) @executable_path/Frameworks";
				PRODUCT_BUNDLE_IDENTIFIER = "com.shutterfly.------";
				PRODUCT_NAME = "$(TARGET_NAME)";
				SWIFT_VERSION = 4.0;
				TARGETED_DEVICE_FAMILY = "1,2";
			};
			name = Release;
		};
/* End XCBuildConfiguration section */

/* Begin XCConfigurationList section */
		D4BFDBF22005DB1800BF7AF8 /* Build configuration list for PBXProject "圆形图片裁剪" */ = {
			isa = XCConfigurationList;
			buildConfigurations = (
				D4BFDC072005DB1800BF7AF8 /* Debug */,
				D4BFDC082005DB1800BF7AF8 /* Release */,
			);
			defaultConfigurationIsVisible = 0;
			defaultConfigurationName = Release;
		};
		D4BFDC092005DB1800BF7AF8 /* Build configuration list for PBXNativeTarget "圆形图片裁剪" */ = {
			isa = XCConfigurationList;
			buildConfigurations = (
				D4BFDC0A2005DB1800BF7AF8 /* Debug */,
				D4BFDC0B2005DB1800BF7AF8 /* Release */,
			);
			defaultConfigurationIsVisible = 0;
			defaultConfigurationName = Release;
		};
/* End XCConfigurationList section */
	};
	rootObject = D4BFDBEF2005DB1800BF7AF8 /* Project object */;
}
