// !$*UTF8*$!
{
	archiveVersion = 1;
	classes = {
	};
	objectVersion = 48;
	objects = {

/* Begin PBXBuildFile section */
		D420F14B1FEB8BA40014A6F4 /* AppDelegate.swift in Sources */ = {isa = PBXBuildFile; fileRef = D420F14A1FEB8BA40014A6F4 /* AppDelegate.swift */; };
		D420F14D1FEB8BA40014A6F4 /* ViewController.swift in Sources */ = {isa = PBXBuildFile; fileRef = D420F14C1FEB8BA40014A6F4 /* ViewController.swift */; };
		D420F1501FEB8BA40014A6F4 /* Main.storyboard in Resources */ = {isa = PBXBuildFile; fileRef = D420F14E1FEB8BA40014A6F4 /* Main.storyboard */; };
		D420F1521FEB8BA40014A6F4 /* Assets.xcassets in Resources */ = {isa = PBXBuildFile; fileRef = D420F1511FEB8BA40014A6F4 /* Assets.xcassets */; };
		D420F1551FEB8BA40014A6F4 /* LaunchScreen.storyboard in Resources */ = {isa = PBXBuildFile; fileRef = D420F1531FEB8BA40014A6F4 /* LaunchScreen.storyboard */; };
/* End PBXBuildFile section */

/* Begin PBXFileReference section */
		D420F1471FEB8BA40014A6F4 /* scrollView分页.app */ = {isa = PBXFileReference; explicitFileType = wrapper.application; includeInIndex = 0; path = "scrollView分页.app"; sourceTree = BUILT_PRODUCTS_DIR; };
		D420F14A1FEB8BA40014A6F4 /* AppDelegate.swift */ = {isa = PBXFileReference; lastKnownFileType = sourcecode.swift; path = AppDelegate.swift; sourceTree = "<group>"; };
		D420F14C1FEB8BA40014A6F4 /* ViewController.swift */ = {isa = PBXFileReference; lastKnownFileType = sourcecode.swift; path = ViewController.swift; sourceTree = "<group>"; };
		D420F14F1FEB8BA40014A6F4 /* Base */ = {isa = PBXFileReference; lastKnownFileType = file.storyboard; name = Base; path = Base.lproj/Main.storyboard; sourceTree = "<group>"; };
		D420F1511FEB8BA40014A6F4 /* Assets.xcassets */ = {isa = PBXFileReference; lastKnownFileType = folder.assetcatalog; path = Assets.xcassets; sourceTree = "<group>"; };
		D420F1541FEB8BA40014A6F4 /* Base */ = {isa = PBXFileReference; lastKnownFileType = file.storyboard; name = Base; path = Base.lproj/LaunchScreen.storyboard; sourceTree = "<group>"; };
		D420F1561FEB8BA40014A6F4 /* Info.plist */ = {isa = PBXFileReference; lastKnownFileType = text.plist.xml; path = Info.plist; sourceTree = "<group>"; };
/* End PBXFileReference section */

/* Begin PBXFrameworksBuildPhase section */
		D420F1441FEB8BA40014A6F4 /* Frameworks */ = {
			isa = PBXFrameworksBuildPhase;
			buildActionMask = 2147483647;
			files = (
			);
			runOnlyForDeploymentPostprocessing = 0;
		};
/* End PBXFrameworksBuildPhase section */

/* Begin PBXGroup section */
		D420F13E1FEB8BA40014A6F4 = {
			isa = PBXGroup;
			children = (
				D420F1491FEB8BA40014A6F4 /* scrollView分页 */,
				D420F1481FEB8BA40014A6F4 /* Products */,
			);
			sourceTree = "<group>";
		};
		D420F1481FEB8BA40014A6F4 /* Products */ = {
			isa = PBXGroup;
			children = (
				D420F1471FEB8BA40014A6F4 /* scrollView分页.app */,
			);
			name = Products;
			sourceTree = "<group>";
		};
		D420F1491FEB8BA40014A6F4 /* scrollView分页 */ = {
			isa = PBXGroup;
			children = (
				D420F14A1FEB8BA40014A6F4 /* AppDelegate.swift */,
				D420F14C1FEB8BA40014A6F4 /* ViewController.swift */,
				D420F14E1FEB8BA40014A6F4 /* Main.storyboard */,
				D420F1511FEB8BA40014A6F4 /* Assets.xcassets */,
				D420F1531FEB8BA40014A6F4 /* LaunchScreen.storyboard */,
				D420F1561FEB8BA40014A6F4 /* Info.plist */,
			);
			path = "scrollView分页";
			sourceTree = "<group>";
		};
/* End PBXGroup section */

/* Begin PBXNativeTarget section */
		D420F1461FEB8BA40014A6F4 /* scrollView分页 */ = {
			isa = PBXNativeTarget;
			buildConfigurationList = D420F1591FEB8BA50014A6F4 /* Build configuration list for PBXNativeTarget "scrollView分页" */;
			buildPhases = (
				D420F1431FEB8BA40014A6F4 /* Sources */,
				D420F1441FEB8BA40014A6F4 /* Frameworks */,
				D420F1451FEB8BA40014A6F4 /* Resources */,
			);
			buildRules = (
			);
			dependencies = (
			);
			name = "scrollView分页";
			productName = "scrollView分页";
			productReference = D420F1471FEB8BA40014A6F4 /* scrollView分页.app */;
			productType = "com.apple.product-type.application";
		};
/* End PBXNativeTarget section */

/* Begin PBXProject section */
		D420F13F1FEB8BA40014A6F4 /* Project object */ = {
			isa = PBXProject;
			attributes = {
				LastSwiftUpdateCheck = 0920;
				LastUpgradeCheck = 0920;
				ORGANIZATIONNAME = "Lei Zhao";
				TargetAttributes = {
					D420F1461FEB8BA40014A6F4 = {
						CreatedOnToolsVersion = 9.2;
						ProvisioningStyle = Automatic;
					};
				};
			};
			buildConfigurationList = D420F1421FEB8BA40014A6F4 /* Build configuration list for PBXProject "scrollView分页" */;
			compatibilityVersion = "Xcode 8.0";
			developmentRegion = en;
			hasScannedForEncodings = 0;
			knownRegions = (
				en,
				Base,
			);
			mainGroup = D420F13E1FEB8BA40014A6F4;
			productRefGroup = D420F1481FEB8BA40014A6F4 /* Products */;
			projectDirPath = "";
			projectRoot = "";
			targets = (
				D420F1461FEB8BA40014A6F4 /* scrollView分页 */,
			);
		};
/* End PBXProject section */

/* Begin PBXResourcesBuildPhase section */
		D420F1451FEB8BA40014A6F4 /* Resources */ = {
			isa = PBXResourcesBuildPhase;
			buildActionMask = 2147483647;
			files = (
				D420F1551FEB8BA40014A6F4 /* LaunchScreen.storyboard in Resources */,
				D420F1521FEB8BA40014A6F4 /* Assets.xcassets in Resources */,
				D420F1501FEB8BA40014A6F4 /* Main.storyboard in Resources */,
			);
			runOnlyForDeploymentPostprocessing = 0;
		};
/* End PBXResourcesBuildPhase section */

/* Begin PBXSourcesBuildPhase section */
		D420F1431FEB8BA40014A6F4 /* Sources */ = {
			isa = PBXSourcesBuildPhase;
			buildActionMask = 2147483647;
			files = (
				D420F14D1FEB8BA40014A6F4 /* ViewController.swift in Sources */,
				D420F14B1FEB8BA40014A6F4 /* AppDelegate.swift in Sources */,
			);
			runOnlyForDeploymentPostprocessing = 0;
		};
/* End PBXSourcesBuildPhase section */

/* Begin PBXVariantGroup section */
		D420F14E1FEB8BA40014A6F4 /* Main.storyboard */ = {
			isa = PBXVariantGroup;
			children = (
				D420F14F1FEB8BA40014A6F4 /* Base */,
			);
			name = Main.storyboard;
			sourceTree = "<group>";
		};
		D420F1531FEB8BA40014A6F4 /* LaunchScreen.storyboard */ = {
			isa = PBXVariantGroup;
			children = (
				D420F1541FEB8BA40014A6F4 /* Base */,
			);
			name = LaunchScreen.storyboard;
			sourceTree = "<group>";
		};
/* End PBXVariantGroup section */

/* Begin XCBuildConfiguration section */
		D420F1571FEB8BA50014A6F4 /* Debug */ = {
			isa = XCBuildConfiguration;
			buildSettings = {
				ALWAYS_SEARCH_USER_PATHS = NO;
				CLANG_ANALYZER_NONNULL = YES;
				CLANG_ANALYZER_NUMBER_OBJECT_CONVERSION = YES_AGGRESSIVE;
				CLANG_CXX_LANGUAGE_STANDARD = "gnu++14";
				CLANG_CXX_LIBRARY = "libc++";
				CLANG_ENABLE_MODULES = YES;
				CLANG_ENABLE_OBJC_ARC = YES;
				CLANG_WARN_BLOCK_CAPTURE_AUTORELEASING = YES;
				CLANG_WARN_BOOL_CONVERSION = YES;
				CLANG_WARN_COMMA = YES;
				CLANG_WARN_CONSTANT_CONVERSION = YES;
				CLANG_WARN_DIRECT_OBJC_ISA_USAGE = YES_ERROR;
				CLANG_WARN_DOCUMENTATION_COMMENTS = YES;
				CLANG_WARN_EMPTY_BODY = YES;
				CLANG_WARN_ENUM_CONVERSION = YES;
				CLANG_WARN_INFINITE_RECURSION = YES;
				CLANG_WARN_INT_CONVERSION = YES;
				CLANG_WARN_NON_LITERAL_NULL_CONVERSION = YES;
				CLANG_WARN_OBJC_LITERAL_CONVERSION = YES;
				CLANG_WARN_OBJC_ROOT_CLASS = YES_ERROR;
				CLANG_WARN_RANGE_LOOP_ANALYSIS = YES;
				CLANG_WARN_STRICT_PROTOTYPES = YES;
				CLANG_WARN_SUSPICIOUS_MOVE = YES;
				CLANG_WARN_UNGUARDED_AVAILABILITY = YES_AGGRESSIVE;
				CLANG_WARN_UNREACHABLE_CODE = YES;
				CLANG_WARN__DUPLICATE_METHOD_MATCH = YES;
				CODE_SIGN_IDENTITY = "iPhone Developer";
				COPY_PHASE_STRIP = NO;
				DEBUG_INFORMATION_FORMAT = dwarf;
				ENABLE_STRICT_OBJC_MSGSEND = YES;
				ENABLE_TESTABILITY = YES;
				GCC_C_LANGUAGE_STANDARD = gnu11;
				GCC_DYNAMIC_NO_PIC = NO;
				GCC_NO_COMMON_BLOCKS = YES;
				GCC_OPTIMIZATION_LEVEL = 0;
				GCC_PREPROCESSOR_DEFINITIONS = (
					"DEBUG=1",
					"$(inherited)",
				);
				GCC_WARN_64_TO_32_BIT_CONVERSION = YES;
				GCC_WARN_ABOUT_RETURN_TYPE = YES_ERROR;
				GCC_WARN_UNDECLARED_SELECTOR = YES;
				GCC_WARN_UNINITIALIZED_AUTOS = YES_AGGRESSIVE;
				GCC_WARN_UNUSED_FUNCTION = YES;
				GCC_WARN_UNUSED_VARIABLE = YES;
				IPHONEOS_DEPLOYMENT_TARGET = 11.2;
				MTL_ENABLE_DEBUG_INFO = YES;
				ONLY_ACTIVE_ARCH = YES;
				SDKROOT = iphoneos;
				SWIFT_ACTIVE_COMPILATION_CONDITIONS = DEBUG;
				SWIFT_OPTIMIZATION_LEVEL = "-Onone";
			};
			name = Debug;
		};
		D420F1581FEB8BA50014A6F4 /* Release */ = {
			isa = XCBuildConfiguration;
			buildSettings = {
				ALWAYS_SEARCH_USER_PATHS = NO;
				CLANG_ANALYZER_NONNULL = YES;
				CLANG_ANALYZER_NUMBER_OBJECT_CONVERSION = YES_AGGRESSIVE;
				CLANG_CXX_LANGUAGE_STANDARD = "gnu++14";
				CLANG_CXX_LIBRARY = "libc++";
				CLANG_ENABLE_MODULES = YES;
				CLANG_ENABLE_OBJC_ARC = YES;
				CLANG_WARN_BLOCK_CAPTURE_AUTORELEASING = YES;
				CLANG_WARN_BOOL_CONVERSION = YES;
				CLANG_WARN_COMMA = YES;
				CLANG_WARN_CONSTANT_CONVERSION = YES;
				CLANG_WARN_DIRECT_OBJC_ISA_USAGE = YES_ERROR;
				CLANG_WARN_DOCUMENTATION_COMMENTS = YES;
				CLANG_WARN_EMPTY_BODY = YES;
				CLANG_WARN_ENUM_CONVERSION = YES;
				CLANG_WARN_INFINITE_RECURSION = YES;
				CLANG_WARN_INT_CONVERSION = YES;
				CLANG_WARN_NON_LITERAL_NULL_CONVERSION = YES;
				CLANG_WARN_OBJC_LITERAL_CONVERSION = YES;
				CLANG_WARN_OBJC_ROOT_CLASS = YES_ERROR;
				CLANG_WARN_RANGE_LOOP_ANALYSIS = YES;
				CLANG_WARN_STRICT_PROTOTYPES = YES;
				CLANG_WARN_SUSPICIOUS_MOVE = YES;
				CLANG_WARN_UNGUARDED_AVAILABILITY = YES_AGGRESSIVE;
				CLANG_WARN_UNREACHABLE_CODE = YES;
				CLANG_WARN__DUPLICATE_METHOD_MATCH = YES;
				CODE_SIGN_IDENTITY = "iPhone Developer";
				COPY_PHASE_STRIP = NO;
				DEBUG_INFORMATION_FORMAT = "dwarf-with-dsym";
				ENABLE_NS_ASSERTIONS = NO;
				ENABLE_STRICT_OBJC_MSGSEND = YES;
				GCC_C_LANGUAGE_STANDARD = gnu11;
				GCC_NO_COMMON_BLOCKS = YES;
				GCC_WARN_64_TO_32_BIT_CONVERSION = YES;
				GCC_WARN_ABOUT_RETURN_TYPE = YES_ERROR;
				GCC_WARN_UNDECLARED_SELECTOR = YES;
				GCC_WARN_UNINITIALIZED_AUTOS = YES_AGGRESSIVE;
				GCC_WARN_UNUSED_FUNCTION = YES;
				GCC_WARN_UNUSED_VARIABLE = YES;
				IPHONEOS_DEPLOYMENT_TARGET = 11.2;
				MTL_ENABLE_DEBUG_INFO = NO;
				SDKROOT = iphoneos;
				SWIFT_OPTIMIZATION_LEVEL = "-Owholemodule";
				VALIDATE_PRODUCT = YES;
			};
			name = Release;
		};
		D420F15A1FEB8BA50014A6F4 /* Debug */ = {
			isa = XCBuildConfiguration;
			buildSettings = {
				ASSETCATALOG_COMPILER_APPICON_NAME = AppIcon;
				CODE_SIGN_STYLE = Automatic;
				DEVELOPMENT_TEAM = 4YTZ695U3E;
				INFOPLIST_FILE = "scrollView分页/Info.plist";
				LD_RUNPATH_SEARCH_PATHS = "$(inherited) @executable_path/Frameworks";
				PRODUCT_BUNDLE_IDENTIFIER = "com.shutterfly.scrollView--";
				PRODUCT_NAME = "$(TARGET_NAME)";
				SWIFT_VERSION = 4.0;
				TARGETED_DEVICE_FAMILY = "1,2";
			};
			name = Debug;
		};
		D420F15B1FEB8BA50014A6F4 /* Release */ = {
			isa = XCBuildConfiguration;
			buildSettings = {
				ASSETCATALOG_COMPILER_APPICON_NAME = AppIcon;
				CODE_SIGN_STYLE = Automatic;
				DEVELOPMENT_TEAM = 4YTZ695U3E;
				INFOPLIST_FILE = "scrollView分页/Info.plist";
				LD_RUNPATH_SEARCH_PATHS = "$(inherited) @executable_path/Frameworks";
				PRODUCT_BUNDLE_IDENTIFIER = "com.shutterfly.scrollView--";
				PRODUCT_NAME = "$(TARGET_NAME)";
				SWIFT_VERSION = 4.0;
				TARGETED_DEVICE_FAMILY = "1,2";
			};
			name = Release;
		};
/* End XCBuildConfiguration section */

/* Begin XCConfigurationList section */
		D420F1421FEB8BA40014A6F4 /* Build configuration list for PBXProject "scrollView分页" */ = {
			isa = XCConfigurationList;
			buildConfigurations = (
				D420F1571FEB8BA50014A6F4 /* Debug */,
				D420F1581FEB8BA50014A6F4 /* Release */,
			);
			defaultConfigurationIsVisible = 0;
			defaultConfigurationName = Release;
		};
		D420F1591FEB8BA50014A6F4 /* Build configuration list for PBXNativeTarget "scrollView分页" */ = {
			isa = XCConfigurationList;
			buildConfigurations = (
				D420F15A1FEB8BA50014A6F4 /* Debug */,
				D420F15B1FEB8BA50014A6F4 /* Release */,
			);
			defaultConfigurationIsVisible = 0;
			defaultConfigurationName = Release;
		};
/* End XCConfigurationList section */
	};
	rootObject = D420F13F1FEB8BA40014A6F4 /* Project object */;
}
