// !$*UTF8*$!
{
	archiveVersion = 1;
	classes = {
	};
	objectVersion = 48;
	objects = {

/* Begin PBXBuildFile section */
		D07F95D4629D4D758BFEB8A8 /* Pods_SDWebImageUsage.framework in Frameworks */ = {isa = PBXBuildFile; fileRef = ECA01DDFA8AFDC5E2A77AEB1 /* Pods_SDWebImageUsage.framework */; };
		D4297AC62015539000DE6D7C /* AppDelegate.swift in Sources */ = {isa = PBXBuildFile; fileRef = D4297AC52015539000DE6D7C /* AppDelegate.swift */; };
		D4297AC82015539000DE6D7C /* ViewController.swift in Sources */ = {isa = PBXBuildFile; fileRef = D4297AC72015539000DE6D7C /* ViewController.swift */; };
		D4297ACB2015539000DE6D7C /* Main.storyboard in Resources */ = {isa = PBXBuildFile; fileRef = D4297AC92015539000DE6D7C /* Main.storyboard */; };
		D4297ACD2015539000DE6D7C /* Assets.xcassets in Resources */ = {isa = PBXBuildFile; fileRef = D4297ACC2015539000DE6D7C /* Assets.xcassets */; };
		D4297AD02015539000DE6D7C /* LaunchScreen.storyboard in Resources */ = {isa = PBXBuildFile; fileRef = D4297ACE2015539000DE6D7C /* LaunchScreen.storyboard */; };
		D4297AD8201556CE00DE6D7C /* fa97f274fef884944a5c01f1265ccc58.gif in Resources */ = {isa = PBXBuildFile; fileRef = D4297AD7201556CE00DE6D7C /* fa97f274fef884944a5c01f1265ccc58.gif */; };
/* End PBXBuildFile section */

/* Begin PBXFileReference section */
		663CDC13F9434E6AB651FD7A /* Pods-SDWebImageUsage.debug.xcconfig */ = {isa = PBXFileReference; includeInIndex = 1; lastKnownFileType = text.xcconfig; name = "Pods-SDWebImageUsage.debug.xcconfig"; path = "Pods/Target Support Files/Pods-SDWebImageUsage/Pods-SDWebImageUsage.debug.xcconfig"; sourceTree = "<group>"; };
		85EBE8A7996AFC2451C6E5E1 /* Pods-SDWebImageUsage.release.xcconfig */ = {isa = PBXFileReference; includeInIndex = 1; lastKnownFileType = text.xcconfig; name = "Pods-SDWebImageUsage.release.xcconfig"; path = "Pods/Target Support Files/Pods-SDWebImageUsage/Pods-SDWebImageUsage.release.xcconfig"; sourceTree = "<group>"; };
		D4297AC22015539000DE6D7C /* SDWebImageUsage.app */ = {isa = PBXFileReference; explicitFileType = wrapper.application; includeInIndex = 0; path = SDWebImageUsage.app; sourceTree = BUILT_PRODUCTS_DIR; };
		D4297AC52015539000DE6D7C /* AppDelegate.swift */ = {isa = PBXFileReference; lastKnownFileType = sourcecode.swift; path = AppDelegate.swift; sourceTree = "<group>"; };
		D4297AC72015539000DE6D7C /* ViewController.swift */ = {isa = PBXFileReference; lastKnownFileType = sourcecode.swift; path = ViewController.swift; sourceTree = "<group>"; };
		D4297ACA2015539000DE6D7C /* Base */ = {isa = PBXFileReference; lastKnownFileType = file.storyboard; name = Base; path = Base.lproj/Main.storyboard; sourceTree = "<group>"; };
		D4297ACC2015539000DE6D7C /* Assets.xcassets */ = {isa = PBXFileReference; lastKnownFileType = folder.assetcatalog; path = Assets.xcassets; sourceTree = "<group>"; };
		D4297ACF2015539000DE6D7C /* Base */ = {isa = PBXFileReference; lastKnownFileType = file.storyboard; name = Base; path = Base.lproj/LaunchScreen.storyboard; sourceTree = "<group>"; };
		D4297AD12015539000DE6D7C /* Info.plist */ = {isa = PBXFileReference; lastKnownFileType = text.plist.xml; path = Info.plist; sourceTree = "<group>"; };
		D4297AD7201556CE00DE6D7C /* fa97f274fef884944a5c01f1265ccc58.gif */ = {isa = PBXFileReference; lastKnownFileType = image.gif; path = fa97f274fef884944a5c01f1265ccc58.gif; sourceTree = "<group>"; };
		ECA01DDFA8AFDC5E2A77AEB1 /* Pods_SDWebImageUsage.framework */ = {isa = PBXFileReference; explicitFileType = wrapper.framework; includeInIndex = 0; path = Pods_SDWebImageUsage.framework; sourceTree = BUILT_PRODUCTS_DIR; };
/* End PBXFileReference section */

/* Begin PBXFrameworksBuildPhase section */
		D4297ABF2015539000DE6D7C /* Frameworks */ = {
			isa = PBXFrameworksBuildPhase;
			buildActionMask = 2147483647;
			files = (
				D07F95D4629D4D758BFEB8A8 /* Pods_SDWebImageUsage.framework in Frameworks */,
			);
			runOnlyForDeploymentPostprocessing = 0;
		};
/* End PBXFrameworksBuildPhase section */

/* Begin PBXGroup section */
		BB4B034B297E5D4FF78E0926 /* Pods */ = {
			isa = PBXGroup;
			children = (
				663CDC13F9434E6AB651FD7A /* Pods-SDWebImageUsage.debug.xcconfig */,
				85EBE8A7996AFC2451C6E5E1 /* Pods-SDWebImageUsage.release.xcconfig */,
			);
			name = Pods;
			sourceTree = "<group>";
		};
		D4297AB92015539000DE6D7C = {
			isa = PBXGroup;
			children = (
				D4297AC42015539000DE6D7C /* SDWebImageUsage */,
				D4297AC32015539000DE6D7C /* Products */,
				BB4B034B297E5D4FF78E0926 /* Pods */,
				D8489CFAADB05335CD8D93C3 /* Frameworks */,
			);
			sourceTree = "<group>";
		};
		D4297AC32015539000DE6D7C /* Products */ = {
			isa = PBXGroup;
			children = (
				D4297AC22015539000DE6D7C /* SDWebImageUsage.app */,
			);
			name = Products;
			sourceTree = "<group>";
		};
		D4297AC42015539000DE6D7C /* SDWebImageUsage */ = {
			isa = PBXGroup;
			children = (
				D4297AD7201556CE00DE6D7C /* fa97f274fef884944a5c01f1265ccc58.gif */,
				D4297AC52015539000DE6D7C /* AppDelegate.swift */,
				D4297AC72015539000DE6D7C /* ViewController.swift */,
				D4297AC92015539000DE6D7C /* Main.storyboard */,
				D4297ACC2015539000DE6D7C /* Assets.xcassets */,
				D4297ACE2015539000DE6D7C /* LaunchScreen.storyboard */,
				D4297AD12015539000DE6D7C /* Info.plist */,
			);
			path = SDWebImageUsage;
			sourceTree = "<group>";
		};
		D8489CFAADB05335CD8D93C3 /* Frameworks */ = {
			isa = PBXGroup;
			children = (
				ECA01DDFA8AFDC5E2A77AEB1 /* Pods_SDWebImageUsage.framework */,
			);
			name = Frameworks;
			sourceTree = "<group>";
		};
/* End PBXGroup section */

/* Begin PBXNativeTarget section */
		D4297AC12015539000DE6D7C /* SDWebImageUsage */ = {
			isa = PBXNativeTarget;
			buildConfigurationList = D4297AD42015539000DE6D7C /* Build configuration list for PBXNativeTarget "SDWebImageUsage" */;
			buildPhases = (
				38161847255614C848A47D7A /* [CP] Check Pods Manifest.lock */,
				D4297ABE2015539000DE6D7C /* Sources */,
				D4297ABF2015539000DE6D7C /* Frameworks */,
				D4297AC02015539000DE6D7C /* Resources */,
				F33BC0672C84BC57AAD2C833 /* [CP] Embed Pods Frameworks */,
				6870DE82450365AFB127CE40 /* [CP] Copy Pods Resources */,
			);
			buildRules = (
			);
			dependencies = (
			);
			name = SDWebImageUsage;
			productName = SDWebImageUsage;
			productReference = D4297AC22015539000DE6D7C /* SDWebImageUsage.app */;
			productType = "com.apple.product-type.application";
		};
/* End PBXNativeTarget section */

/* Begin PBXProject section */
		D4297ABA2015539000DE6D7C /* Project object */ = {
			isa = PBXProject;
			attributes = {
				LastSwiftUpdateCheck = 0920;
				LastUpgradeCheck = 0920;
				ORGANIZATIONNAME = "Lei Zhao";
				TargetAttributes = {
					D4297AC12015539000DE6D7C = {
						CreatedOnToolsVersion = 9.2;
						ProvisioningStyle = Automatic;
					};
				};
			};
			buildConfigurationList = D4297ABD2015539000DE6D7C /* Build configuration list for PBXProject "SDWebImageUsage" */;
			compatibilityVersion = "Xcode 8.0";
			developmentRegion = en;
			hasScannedForEncodings = 0;
			knownRegions = (
				en,
				Base,
			);
			mainGroup = D4297AB92015539000DE6D7C;
			productRefGroup = D4297AC32015539000DE6D7C /* Products */;
			projectDirPath = "";
			projectRoot = "";
			targets = (
				D4297AC12015539000DE6D7C /* SDWebImageUsage */,
			);
		};
/* End PBXProject section */

/* Begin PBXResourcesBuildPhase section */
		D4297AC02015539000DE6D7C /* Resources */ = {
			isa = PBXResourcesBuildPhase;
			buildActionMask = 2147483647;
			files = (
				D4297AD8201556CE00DE6D7C /* fa97f274fef884944a5c01f1265ccc58.gif in Resources */,
				D4297AD02015539000DE6D7C /* LaunchScreen.storyboard in Resources */,
				D4297ACD2015539000DE6D7C /* Assets.xcassets in Resources */,
				D4297ACB2015539000DE6D7C /* Main.storyboard in Resources */,
			);
			runOnlyForDeploymentPostprocessing = 0;
		};
/* End PBXResourcesBuildPhase section */

/* Begin PBXShellScriptBuildPhase section */
		38161847255614C848A47D7A /* [CP] Check Pods Manifest.lock */ = {
			isa = PBXShellScriptBuildPhase;
			buildActionMask = 2147483647;
			files = (
			);
			inputPaths = (
				"${PODS_PODFILE_DIR_PATH}/Podfile.lock",
				"${PODS_ROOT}/Manifest.lock",
			);
			name = "[CP] Check Pods Manifest.lock";
			outputPaths = (
				"$(DERIVED_FILE_DIR)/Pods-SDWebImageUsage-checkManifestLockResult.txt",
			);
			runOnlyForDeploymentPostprocessing = 0;
			shellPath = /bin/sh;
			shellScript = "diff \"${PODS_PODFILE_DIR_PATH}/Podfile.lock\" \"${PODS_ROOT}/Manifest.lock\" > /dev/null\nif [ $? != 0 ] ; then\n    # print error to STDERR\n    echo \"error: The sandbox is not in sync with the Podfile.lock. Run 'pod install' or update your CocoaPods installation.\" >&2\n    exit 1\nfi\n# This output is used by Xcode 'outputs' to avoid re-running this script phase.\necho \"SUCCESS\" > \"${SCRIPT_OUTPUT_FILE_0}\"\n";
			showEnvVarsInLog = 0;
		};
		6870DE82450365AFB127CE40 /* [CP] Copy Pods Resources */ = {
			isa = PBXShellScriptBuildPhase;
			buildActionMask = 2147483647;
			files = (
			);
			inputPaths = (
			);
			name = "[CP] Copy Pods Resources";
			outputPaths = (
			);
			runOnlyForDeploymentPostprocessing = 0;
			shellPath = /bin/sh;
			shellScript = "\"${SRCROOT}/Pods/Target Support Files/Pods-SDWebImageUsage/Pods-SDWebImageUsage-resources.sh\"\n";
			showEnvVarsInLog = 0;
		};
		F33BC0672C84BC57AAD2C833 /* [CP] Embed Pods Frameworks */ = {
			isa = PBXShellScriptBuildPhase;
			buildActionMask = 2147483647;
			files = (
			);
			inputPaths = (
				"${SRCROOT}/Pods/Target Support Files/Pods-SDWebImageUsage/Pods-SDWebImageUsage-frameworks.sh",
				"${BUILT_PRODUCTS_DIR}/SDWebImage/SDWebImage.framework",
			);
			name = "[CP] Embed Pods Frameworks";
			outputPaths = (
				"${TARGET_BUILD_DIR}/${FRAMEWORKS_FOLDER_PATH}/SDWebImage.framework",
			);
			runOnlyForDeploymentPostprocessing = 0;
			shellPath = /bin/sh;
			shellScript = "\"${SRCROOT}/Pods/Target Support Files/Pods-SDWebImageUsage/Pods-SDWebImageUsage-frameworks.sh\"\n";
			showEnvVarsInLog = 0;
		};
/* End PBXShellScriptBuildPhase section */

/* Begin PBXSourcesBuildPhase section */
		D4297ABE2015539000DE6D7C /* Sources */ = {
			isa = PBXSourcesBuildPhase;
			buildActionMask = 2147483647;
			files = (
				D4297AC82015539000DE6D7C /* ViewController.swift in Sources */,
				D4297AC62015539000DE6D7C /* AppDelegate.swift in Sources */,
			);
			runOnlyForDeploymentPostprocessing = 0;
		};
/* End PBXSourcesBuildPhase section */

/* Begin PBXVariantGroup section */
		D4297AC92015539000DE6D7C /* Main.storyboard */ = {
			isa = PBXVariantGroup;
			children = (
				D4297ACA2015539000DE6D7C /* Base */,
			);
			name = Main.storyboard;
			sourceTree = "<group>";
		};
		D4297ACE2015539000DE6D7C /* LaunchScreen.storyboard */ = {
			isa = PBXVariantGroup;
			children = (
				D4297ACF2015539000DE6D7C /* Base */,
			);
			name = LaunchScreen.storyboard;
			sourceTree = "<group>";
		};
/* End PBXVariantGroup section */

/* Begin XCBuildConfiguration section */
		D4297AD22015539000DE6D7C /* Debug */ = {
			isa = XCBuildConfiguration;
			buildSettings = {
				ALWAYS_SEARCH_USER_PATHS = NO;
				CLANG_ANALYZER_NONNULL = YES;
				CLANG_ANALYZER_NUMBER_OBJECT_CONVERSION = YES_AGGRESSIVE;
				CLANG_CXX_LANGUAGE_STANDARD = "gnu++14";
				CLANG_CXX_LIBRARY = "libc++";
				CLANG_ENABLE_MODULES = YES;
				CLANG_ENABLE_OBJC_ARC = YES;
				CLANG_WARN_BLOCK_CAPTURE_AUTORELEASING = YES;
				CLANG_WARN_BOOL_CONVERSION = YES;
				CLANG_WARN_COMMA = YES;
				CLANG_WARN_CONSTANT_CONVERSION = YES;
				CLANG_WARN_DIRECT_OBJC_ISA_USAGE = YES_ERROR;
				CLANG_WARN_DOCUMENTATION_COMMENTS = YES;
				CLANG_WARN_EMPTY_BODY = YES;
				CLANG_WARN_ENUM_CONVERSION = YES;
				CLANG_WARN_INFINITE_RECURSION = YES;
				CLANG_WARN_INT_CONVERSION = YES;
				CLANG_WARN_NON_LITERAL_NULL_CONVERSION = YES;
				CLANG_WARN_OBJC_LITERAL_CONVERSION = YES;
				CLANG_WARN_OBJC_ROOT_CLASS = YES_ERROR;
				CLANG_WARN_RANGE_LOOP_ANALYSIS = YES;
				CLANG_WARN_STRICT_PROTOTYPES = YES;
				CLANG_WARN_SUSPICIOUS_MOVE = YES;
				CLANG_WARN_UNGUARDED_AVAILABILITY = YES_AGGRESSIVE;
				CLANG_WARN_UNREACHABLE_CODE = YES;
				CLANG_WARN__DUPLICATE_METHOD_MATCH = YES;
				CODE_SIGN_IDENTITY = "iPhone Developer";
				COPY_PHASE_STRIP = NO;
				DEBUG_INFORMATION_FORMAT = dwarf;
				ENABLE_STRICT_OBJC_MSGSEND = YES;
				ENABLE_TESTABILITY = YES;
				GCC_C_LANGUAGE_STANDARD = gnu11;
				GCC_DYNAMIC_NO_PIC = NO;
				GCC_NO_COMMON_BLOCKS = YES;
				GCC_OPTIMIZATION_LEVEL = 0;
				GCC_PREPROCESSOR_DEFINITIONS = (
					"DEBUG=1",
					"$(inherited)",
				);
				GCC_WARN_64_TO_32_BIT_CONVERSION = YES;
				GCC_WARN_ABOUT_RETURN_TYPE = YES_ERROR;
				GCC_WARN_UNDECLARED_SELECTOR = YES;
				GCC_WARN_UNINITIALIZED_AUTOS = YES_AGGRESSIVE;
				GCC_WARN_UNUSED_FUNCTION = YES;
				GCC_WARN_UNUSED_VARIABLE = YES;
				IPHONEOS_DEPLOYMENT_TARGET = 11.2;
				MTL_ENABLE_DEBUG_INFO = YES;
				ONLY_ACTIVE_ARCH = YES;
				SDKROOT = iphoneos;
				SWIFT_ACTIVE_COMPILATION_CONDITIONS = DEBUG;
				SWIFT_OPTIMIZATION_LEVEL = "-Onone";
			};
			name = Debug;
		};
		D4297AD32015539000DE6D7C /* Release */ = {
			isa = XCBuildConfiguration;
			buildSettings = {
				ALWAYS_SEARCH_USER_PATHS = NO;
				CLANG_ANALYZER_NONNULL = YES;
				CLANG_ANALYZER_NUMBER_OBJECT_CONVERSION = YES_AGGRESSIVE;
				CLANG_CXX_LANGUAGE_STANDARD = "gnu++14";
				CLANG_CXX_LIBRARY = "libc++";
				CLANG_ENABLE_MODULES = YES;
				CLANG_ENABLE_OBJC_ARC = YES;
				CLANG_WARN_BLOCK_CAPTURE_AUTORELEASING = YES;
				CLANG_WARN_BOOL_CONVERSION = YES;
				CLANG_WARN_COMMA = YES;
				CLANG_WARN_CONSTANT_CONVERSION = YES;
				CLANG_WARN_DIRECT_OBJC_ISA_USAGE = YES_ERROR;
				CLANG_WARN_DOCUMENTATION_COMMENTS = YES;
				CLANG_WARN_EMPTY_BODY = YES;
				CLANG_WARN_ENUM_CONVERSION = YES;
				CLANG_WARN_INFINITE_RECURSION = YES;
				CLANG_WARN_INT_CONVERSION = YES;
				CLANG_WARN_NON_LITERAL_NULL_CONVERSION = YES;
				CLANG_WARN_OBJC_LITERAL_CONVERSION = YES;
				CLANG_WARN_OBJC_ROOT_CLASS = YES_ERROR;
				CLANG_WARN_RANGE_LOOP_ANALYSIS = YES;
				CLANG_WARN_STRICT_PROTOTYPES = YES;
				CLANG_WARN_SUSPICIOUS_MOVE = YES;
				CLANG_WARN_UNGUARDED_AVAILABILITY = YES_AGGRESSIVE;
				CLANG_WARN_UNREACHABLE_CODE = YES;
				CLANG_WARN__DUPLICATE_METHOD_MATCH = YES;
				CODE_SIGN_IDENTITY = "iPhone Developer";
				COPY_PHASE_STRIP = NO;
				DEBUG_INFORMATION_FORMAT = "dwarf-with-dsym";
				ENABLE_NS_ASSERTIONS = NO;
				ENABLE_STRICT_OBJC_MSGSEND = YES;
				GCC_C_LANGUAGE_STANDARD = gnu11;
				GCC_NO_COMMON_BLOCKS = YES;
				GCC_WARN_64_TO_32_BIT_CONVERSION = YES;
				GCC_WARN_ABOUT_RETURN_TYPE = YES_ERROR;
				GCC_WARN_UNDECLARED_SELECTOR = YES;
				GCC_WARN_UNINITIALIZED_AUTOS = YES_AGGRESSIVE;
				GCC_WARN_UNUSED_FUNCTION = YES;
				GCC_WARN_UNUSED_VARIABLE = YES;
				IPHONEOS_DEPLOYMENT_TARGET = 11.2;
				MTL_ENABLE_DEBUG_INFO = NO;
				SDKROOT = iphoneos;
				SWIFT_OPTIMIZATION_LEVEL = "-Owholemodule";
				VALIDATE_PRODUCT = YES;
			};
			name = Release;
		};
		D4297AD52015539000DE6D7C /* Debug */ = {
			isa = XCBuildConfiguration;
			baseConfigurationReference = 663CDC13F9434E6AB651FD7A /* Pods-SDWebImageUsage.debug.xcconfig */;
			buildSettings = {
				ASSETCATALOG_COMPILER_APPICON_NAME = AppIcon;
				CODE_SIGN_STYLE = Automatic;
				DEVELOPMENT_TEAM = ZQNTYXCS7L;
				INFOPLIST_FILE = SDWebImageUsage/Info.plist;
				LD_RUNPATH_SEARCH_PATHS = "$(inherited) @executable_path/Frameworks";
				PRODUCT_BUNDLE_IDENTIFIER = com.lzhao.test.SDWebImageUsage;
				PRODUCT_NAME = "$(TARGET_NAME)";
				SWIFT_VERSION = 4.0;
				TARGETED_DEVICE_FAMILY = "1,2";
			};
			name = Debug;
		};
		D4297AD62015539000DE6D7C /* Release */ = {
			isa = XCBuildConfiguration;
			baseConfigurationReference = 85EBE8A7996AFC2451C6E5E1 /* Pods-SDWebImageUsage.release.xcconfig */;
			buildSettings = {
				ASSETCATALOG_COMPILER_APPICON_NAME = AppIcon;
				CODE_SIGN_STYLE = Automatic;
				DEVELOPMENT_TEAM = ZQNTYXCS7L;
				INFOPLIST_FILE = SDWebImageUsage/Info.plist;
				LD_RUNPATH_SEARCH_PATHS = "$(inherited) @executable_path/Frameworks";
				PRODUCT_BUNDLE_IDENTIFIER = com.lzhao.test.SDWebImageUsage;
				PRODUCT_NAME = "$(TARGET_NAME)";
				SWIFT_VERSION = 4.0;
				TARGETED_DEVICE_FAMILY = "1,2";
			};
			name = Release;
		};
/* End XCBuildConfiguration section */

/* Begin XCConfigurationList section */
		D4297ABD2015539000DE6D7C /* Build configuration list for PBXProject "SDWebImageUsage" */ = {
			isa = XCConfigurationList;
			buildConfigurations = (
				D4297AD22015539000DE6D7C /* Debug */,
				D4297AD32015539000DE6D7C /* Release */,
			);
			defaultConfigurationIsVisible = 0;
			defaultConfigurationName = Release;
		};
		D4297AD42015539000DE6D7C /* Build configuration list for PBXNativeTarget "SDWebImageUsage" */ = {
			isa = XCConfigurationList;
			buildConfigurations = (
				D4297AD52015539000DE6D7C /* Debug */,
				D4297AD62015539000DE6D7C /* Release */,
			);
			defaultConfigurationIsVisible = 0;
			defaultConfigurationName = Release;
		};
/* End XCConfigurationList section */
	};
	rootObject = D4297ABA2015539000DE6D7C /* Project object */;
}
